
Microsoft Visual Studio Solution File, Format Version 12.00
# Visual Studio Version 17
VisualStudioVersion = 17.8.34525.116
MinimumVisualStudioVersion = 10.0.40219.1
Project("{9A19103F-16F7-4668-BE54-9A1E7A4F7556}") = "CommaFunction", "CommaFunction\CommaFunction.csproj", "{5047A8CE-CA81-4C28-8235-F4E2BEC40148}"
EndProject
Project("{FAE04EC0-301F-11D3-BF4B-00C04F79EFBC}") = "MonthOfDate", "MonthOfDate\MonthOfDate.csproj", "{B3770ECB-6FD5-4CE0-9D57-C2F941EA67EB}"
EndProject
Project("{FAE04EC0-301F-11D3-BF4B-00C04F79EFBC}") = "OrderByAsc", "OrderByAsc\OrderByAsc.csproj", "{13E800B8-079F-4D61-B0D2-58E42DB47777}"
EndProject
Project("{FAE04EC0-301F-11D3-BF4B-00C04F79EFBC}") = "EvenNumbers", "EvenNumbers\EvenNumbers.csproj", "{628D69A2-0441-429F-B3B9-341B13D81375}"
EndProject
Project("{FAE04EC0-301F-11D3-BF4B-00C04F79EFBC}") = "MemoryList", "MemoryList\MemoryList.csproj", "{9993A98D-503F-440A-A2A8-08B0063D09A5}"
EndProject
Global
	GlobalSection(SolutionConfigurationPlatforms) = preSolution
		Debug|Any CPU = Debug|Any CPU
		Release|Any CPU = Release|Any CPU
	EndGlobalSection
	GlobalSection(ProjectConfigurationPlatforms) = postSolution
		{5047A8CE-CA81-4C28-8235-F4E2BEC40148}.Debug|Any CPU.ActiveCfg = Debug|Any CPU
		{5047A8CE-CA81-4C28-8235-F4E2BEC40148}.Debug|Any CPU.Build.0 = Debug|Any CPU
		{5047A8CE-CA81-4C28-8235-F4E2BEC40148}.Release|Any CPU.ActiveCfg = Release|Any CPU
		{5047A8CE-CA81-4C28-8235-F4E2BEC40148}.Release|Any CPU.Build.0 = Release|Any CPU
		{B3770ECB-6FD5-4CE0-9D57-C2F941EA67EB}.Debug|Any CPU.ActiveCfg = Debug|Any CPU
		{B3770ECB-6FD5-4CE0-9D57-C2F941EA67EB}.Debug|Any CPU.Build.0 = Debug|Any CPU
		{B3770ECB-6FD5-4CE0-9D57-C2F941EA67EB}.Release|Any CPU.ActiveCfg = Release|Any CPU
		{B3770ECB-6FD5-4CE0-9D57-C2F941EA67EB}.Release|Any CPU.Build.0 = Release|Any CPU
		{13E800B8-079F-4D61-B0D2-58E42DB47777}.Debug|Any CPU.ActiveCfg = Debug|Any CPU
		{13E800B8-079F-4D61-B0D2-58E42DB47777}.Debug|Any CPU.Build.0 = Debug|Any CPU
		{13E800B8-079F-4D61-B0D2-58E42DB47777}.Release|Any CPU.ActiveCfg = Release|Any CPU
		{13E800B8-079F-4D61-B0D2-58E42DB47777}.Release|Any CPU.Build.0 = Release|Any CPU
		{628D69A2-0441-429F-B3B9-341B13D81375}.Debug|Any CPU.ActiveCfg = Debug|Any CPU
		{628D69A2-0441-429F-B3B9-341B13D81375}.Debug|Any CPU.Build.0 = Debug|Any CPU
		{628D69A2-0441-429F-B3B9-341B13D81375}.Release|Any CPU.ActiveCfg = Release|Any CPU
		{628D69A2-0441-429F-B3B9-341B13D81375}.Release|Any CPU.Build.0 = Release|Any CPU
		{9993A98D-503F-440A-A2A8-08B0063D09A5}.Debug|Any CPU.ActiveCfg = Debug|Any CPU
		{9993A98D-503F-440A-A2A8-08B0063D09A5}.Debug|Any CPU.Build.0 = Debug|Any CPU
		{9993A98D-503F-440A-A2A8-08B0063D09A5}.Release|Any CPU.ActiveCfg = Release|Any CPU
		{9993A98D-503F-440A-A2A8-08B0063D09A5}.Release|Any CPU.Build.0 = Release|Any CPU
	EndGlobalSection
	GlobalSection(SolutionProperties) = preSolution
		HideSolutionNode = FALSE
	EndGlobalSection
	GlobalSection(ExtensibilityGlobals) = postSolution
		SolutionGuid = {BC88A30E-D394-4EB7-8960-596F65B4FCB2}
	EndGlobalSection
EndGlobal
